schema: '2.0'
stages:
  data_ingestion:
    cmd: python src/data_ingestion.py
    deps:
    - path: src/data_ingestion.py
      hash: md5
      md5: ce5fa86f1881ca83af705fa9b3f09179
      size: 2811
    outs:
    - path: artifacts/raw/
      hash: md5
      md5: adfb9f01a07ced01f71d76b2cc3d7908.dir
      size: 2442191
      nfiles: 666
  model_training:
    cmd: python src/model_training.py
    deps:
    - path: artifacts/raw/
      hash: md5
      md5: adfb9f01a07ced01f71d76b2cc3d7908.dir
      size: 2442191
      nfiles: 666
    - path: src/model_training.py
      hash: md5
      md5: ead64e39c72a20c29405488809068937
      size: 5108
    outs:
    - path: artifacts/models/fasterrcnn.pth
      hash: md5
      md5: 08452c7ebef443e66e335f6b1edaf0a2
      size: 165724408
